
Microsoft Visual Studio Solution File, Format Version 12.00
# Visual Studio 15
VisualStudioVersion = 15.0.27703.2018
MinimumVisualStudioVersion = 10.0.40219.1
Project("{FAE04EC0-301F-11D3-BF4B-00C04F79EFBC}") = "SRPDemo", "SRPDemo\SRPDemo.csproj", "{C38EC6AE-3D03-427C-B249-B629696CFC2B}"
EndProject
Global
	GlobalSection(SolutionConfigurationPlatforms) = preSolution
		Debug|Any CPU = Debug|Any CPU
		Release|Any CPU = Release|Any CPU
	EndGlobalSection
	GlobalSection(ProjectConfigurationPlatforms) = postSolution
		{C38EC6AE-3D03-427C-B249-B629696CFC2B}.Debug|Any CPU.ActiveCfg = Debug|Any CPU
		{C38EC6AE-3D03-427C-B249-B629696CFC2B}.Debug|Any CPU.Build.0 = Debug|Any CPU
		{C38EC6AE-3D03-427C-B249-B629696CFC2B}.Release|Any CPU.ActiveCfg = Release|Any CPU
		{C38EC6AE-3D03-427C-B249-B629696CFC2B}.Release|Any CPU.Build.0 = Release|Any CPU
	EndGlobalSection
	GlobalSection(SolutionProperties) = preSolution
		HideSolutionNode = FALSE
	EndGlobalSection
	GlobalSection(ExtensibilityGlobals) = postSolution
		SolutionGuid = {E21B953F-DF57-4306-AAA2-FF2C74363F79}
	EndGlobalSection
EndGlobal
