
Microsoft Visual Studio Solution File, Format Version 12.00
# Visual Studio 15
VisualStudioVersion = 15.0.27703.2018
MinimumVisualStudioVersion = 10.0.40219.1
Project("{FAE04EC0-301F-11D3-BF4B-00C04F79EFBC}") = "OCP", "OCP\OCP.csproj", "{61A5B116-D56D-4330-B049-DD5D9E54EEC9}"
EndProject
Global
	GlobalSection(SolutionConfigurationPlatforms) = preSolution
		Debug|Any CPU = Debug|Any CPU
		Release|Any CPU = Release|Any CPU
	EndGlobalSection
	GlobalSection(ProjectConfigurationPlatforms) = postSolution
		{61A5B116-D56D-4330-B049-DD5D9E54EEC9}.Debug|Any CPU.ActiveCfg = Debug|Any CPU
		{61A5B116-D56D-4330-B049-DD5D9E54EEC9}.Debug|Any CPU.Build.0 = Debug|Any CPU
		{61A5B116-D56D-4330-B049-DD5D9E54EEC9}.Release|Any CPU.ActiveCfg = Release|Any CPU
		{61A5B116-D56D-4330-B049-DD5D9E54EEC9}.Release|Any CPU.Build.0 = Release|Any CPU
	EndGlobalSection
	GlobalSection(SolutionProperties) = preSolution
		HideSolutionNode = FALSE
	EndGlobalSection
	GlobalSection(ExtensibilityGlobals) = postSolution
		SolutionGuid = {5F6A2AD3-4D97-4116-9753-A25FCE24729E}
	EndGlobalSection
EndGlobal
