
Microsoft Visual Studio Solution File, Format Version 12.00
# Visual Studio 15
VisualStudioVersion = 15.0.27703.2018
MinimumVisualStudioVersion = 10.0.40219.1
Project("{FAE04EC0-301F-11D3-BF4B-00C04F79EFBC}") = "SRP", "SRP\SRP.csproj", "{D2F459BC-A657-4F11-A3F5-58A54E38CB3B}"
EndProject
Project("{FAE04EC0-301F-11D3-BF4B-00C04F79EFBC}") = "OCP", "OCP\OCP.csproj", "{98EED535-8B99-4ED6-AFAB-32C68CB318D4}"
EndProject
Project("{FAE04EC0-301F-11D3-BF4B-00C04F79EFBC}") = "OCP_Ajustado", "OCP_Ajustado\OCP_Ajustado.csproj", "{613229B0-45AB-407F-B201-A8C76520AE08}"
EndProject
Project("{FAE04EC0-301F-11D3-BF4B-00C04F79EFBC}") = "LSP", "LSP\LSP.csproj", "{81CE1C6E-2167-4142-9095-D8E79DD24EE4}"
EndProject
Project("{FAE04EC0-301F-11D3-BF4B-00C04F79EFBC}") = "LSP_Ajustado", "LSP_Ajustado\LSP_Ajustado.csproj", "{14ABD9B0-AE0D-4E13-86A7-A7DC3F478112}"
EndProject
Global
	GlobalSection(SolutionConfigurationPlatforms) = preSolution
		Debug|Any CPU = Debug|Any CPU
		Release|Any CPU = Release|Any CPU
	EndGlobalSection
	GlobalSection(ProjectConfigurationPlatforms) = postSolution
		{D2F459BC-A657-4F11-A3F5-58A54E38CB3B}.Debug|Any CPU.ActiveCfg = Debug|Any CPU
		{D2F459BC-A657-4F11-A3F5-58A54E38CB3B}.Debug|Any CPU.Build.0 = Debug|Any CPU
		{D2F459BC-A657-4F11-A3F5-58A54E38CB3B}.Release|Any CPU.ActiveCfg = Release|Any CPU
		{D2F459BC-A657-4F11-A3F5-58A54E38CB3B}.Release|Any CPU.Build.0 = Release|Any CPU
		{98EED535-8B99-4ED6-AFAB-32C68CB318D4}.Debug|Any CPU.ActiveCfg = Debug|Any CPU
		{98EED535-8B99-4ED6-AFAB-32C68CB318D4}.Debug|Any CPU.Build.0 = Debug|Any CPU
		{98EED535-8B99-4ED6-AFAB-32C68CB318D4}.Release|Any CPU.ActiveCfg = Release|Any CPU
		{98EED535-8B99-4ED6-AFAB-32C68CB318D4}.Release|Any CPU.Build.0 = Release|Any CPU
		{613229B0-45AB-407F-B201-A8C76520AE08}.Debug|Any CPU.ActiveCfg = Debug|Any CPU
		{613229B0-45AB-407F-B201-A8C76520AE08}.Debug|Any CPU.Build.0 = Debug|Any CPU
		{613229B0-45AB-407F-B201-A8C76520AE08}.Release|Any CPU.ActiveCfg = Release|Any CPU
		{613229B0-45AB-407F-B201-A8C76520AE08}.Release|Any CPU.Build.0 = Release|Any CPU
		{81CE1C6E-2167-4142-9095-D8E79DD24EE4}.Debug|Any CPU.ActiveCfg = Debug|Any CPU
		{81CE1C6E-2167-4142-9095-D8E79DD24EE4}.Debug|Any CPU.Build.0 = Debug|Any CPU
		{81CE1C6E-2167-4142-9095-D8E79DD24EE4}.Release|Any CPU.ActiveCfg = Release|Any CPU
		{81CE1C6E-2167-4142-9095-D8E79DD24EE4}.Release|Any CPU.Build.0 = Release|Any CPU
		{14ABD9B0-AE0D-4E13-86A7-A7DC3F478112}.Debug|Any CPU.ActiveCfg = Debug|Any CPU
		{14ABD9B0-AE0D-4E13-86A7-A7DC3F478112}.Debug|Any CPU.Build.0 = Debug|Any CPU
		{14ABD9B0-AE0D-4E13-86A7-A7DC3F478112}.Release|Any CPU.ActiveCfg = Release|Any CPU
		{14ABD9B0-AE0D-4E13-86A7-A7DC3F478112}.Release|Any CPU.Build.0 = Release|Any CPU
	EndGlobalSection
	GlobalSection(SolutionProperties) = preSolution
		HideSolutionNode = FALSE
	EndGlobalSection
	GlobalSection(ExtensibilityGlobals) = postSolution
		SolutionGuid = {E3F77D8F-7009-4ABC-9DAD-3F16100BC6B1}
	EndGlobalSection
EndGlobal
